
Microsoft Visual Studio Solution File, Format Version 12.00
# Visual Studio Version 17
VisualStudioVersion = 17.7.34018.315
MinimumVisualStudioVersion = 10.0.40219.1
Project("{9A19103F-16F7-4668-BE54-9A1E7A4F7556}") = "FlightData", "FlightData.csproj", "{D7100F10-E146-4329-AE02-7A68C4BFDDAA}"
EndProject
Project("{9A19103F-16F7-4668-BE54-9A1E7A4F7556}") = "FlightData.Model", "..\FlightData.Model\FlightData.Model.csproj", "{57529C7B-AAFA-4101-AB58-9F7FEBA31F7B}"
EndProject
Project("{9A19103F-16F7-4668-BE54-9A1E7A4F7556}") = "FlightData.DAL", "..\FlightData.DAL\FlightData.DAL.csproj", "{3CB72961-0E49-4BC4-8971-F24BC34818C1}"
EndProject
Project("{9A19103F-16F7-4668-BE54-9A1E7A4F7556}") = "FlightData.BLL", "..\FlightData.BLL\FlightData.BLL.csproj", "{135F2788-52A8-44C6-86A3-E4645E01268E}"
EndProject
Global
	GlobalSection(SolutionConfigurationPlatforms) = preSolution
		Debug|Any CPU = Debug|Any CPU
		Release|Any CPU = Release|Any CPU
	EndGlobalSection
	GlobalSection(ProjectConfigurationPlatforms) = postSolution
		{D7100F10-E146-4329-AE02-7A68C4BFDDAA}.Debug|Any CPU.ActiveCfg = Debug|Any CPU
		{D7100F10-E146-4329-AE02-7A68C4BFDDAA}.Debug|Any CPU.Build.0 = Debug|Any CPU
		{D7100F10-E146-4329-AE02-7A68C4BFDDAA}.Release|Any CPU.ActiveCfg = Release|Any CPU
		{D7100F10-E146-4329-AE02-7A68C4BFDDAA}.Release|Any CPU.Build.0 = Release|Any CPU
		{57529C7B-AAFA-4101-AB58-9F7FEBA31F7B}.Debug|Any CPU.ActiveCfg = Debug|Any CPU
		{57529C7B-AAFA-4101-AB58-9F7FEBA31F7B}.Debug|Any CPU.Build.0 = Debug|Any CPU
		{57529C7B-AAFA-4101-AB58-9F7FEBA31F7B}.Release|Any CPU.ActiveCfg = Release|Any CPU
		{57529C7B-AAFA-4101-AB58-9F7FEBA31F7B}.Release|Any CPU.Build.0 = Release|Any CPU
		{3CB72961-0E49-4BC4-8971-F24BC34818C1}.Debug|Any CPU.ActiveCfg = Debug|Any CPU
		{3CB72961-0E49-4BC4-8971-F24BC34818C1}.Debug|Any CPU.Build.0 = Debug|Any CPU
		{3CB72961-0E49-4BC4-8971-F24BC34818C1}.Release|Any CPU.ActiveCfg = Release|Any CPU
		{3CB72961-0E49-4BC4-8971-F24BC34818C1}.Release|Any CPU.Build.0 = Release|Any CPU
		{135F2788-52A8-44C6-86A3-E4645E01268E}.Debug|Any CPU.ActiveCfg = Debug|Any CPU
		{135F2788-52A8-44C6-86A3-E4645E01268E}.Debug|Any CPU.Build.0 = Debug|Any CPU
		{135F2788-52A8-44C6-86A3-E4645E01268E}.Release|Any CPU.ActiveCfg = Release|Any CPU
		{135F2788-52A8-44C6-86A3-E4645E01268E}.Release|Any CPU.Build.0 = Release|Any CPU
	EndGlobalSection
	GlobalSection(SolutionProperties) = preSolution
		HideSolutionNode = FALSE
	EndGlobalSection
	GlobalSection(ExtensibilityGlobals) = postSolution
		SolutionGuid = {CB127A80-2D90-4153-AA89-DA2F556F3E1F}
	EndGlobalSection
EndGlobal
